
Microsoft Visual Studio Solution File, Format Version 12.00
# Visual Studio Version 17
VisualStudioVersion = 17.11.35312.102
MinimumVisualStudioVersion = 10.0.40219.1
Project("{FAE04EC0-301F-11D3-BF4B-00C04F79EFBC}") = "TrackerFinanzasPersonal", "TrackerFinanzasPersonal\TrackerFinanzasPersonal.csproj", "{AD79DA2E-870B-43B2-8F97-81EF41C23C1B}"
EndProject
Global
	GlobalSection(SolutionConfigurationPlatforms) = preSolution
		Debug|Any CPU = Debug|Any CPU
		Release|Any CPU = Release|Any CPU
	EndGlobalSection
	GlobalSection(ProjectConfigurationPlatforms) = postSolution
		{AD79DA2E-870B-43B2-8F97-81EF41C23C1B}.Debug|Any CPU.ActiveCfg = Debug|Any CPU
		{AD79DA2E-870B-43B2-8F97-81EF41C23C1B}.Debug|Any CPU.Build.0 = Debug|Any CPU
		{AD79DA2E-870B-43B2-8F97-81EF41C23C1B}.Release|Any CPU.ActiveCfg = Release|Any CPU
		{AD79DA2E-870B-43B2-8F97-81EF41C23C1B}.Release|Any CPU.Build.0 = Release|Any CPU
	EndGlobalSection
	GlobalSection(SolutionProperties) = preSolution
		HideSolutionNode = FALSE
	EndGlobalSection
	GlobalSection(ExtensibilityGlobals) = postSolution
		SolutionGuid = {6268F8E5-EA1F-4C0E-AD58-CE7E4C452C7D}
	EndGlobalSection
EndGlobal
